
Microsoft Visual Studio Solution File, Format Version 12.00
# Visual Studio Version 16
VisualStudioVersion = 16.0.31702.278
MinimumVisualStudioVersion = 10.0.40219.1
Project("{FAE04EC0-301F-11D3-BF4B-00C04F79EFBC}") = "PlaywriteOT", "PlaywriteOT\PlaywriteOT.csproj", "{A84CB309-FEB6-4339-824D-A1C4D33363B8}"
EndProject
Global
	GlobalSection(SolutionConfigurationPlatforms) = preSolution
		Debug|Any CPU = Debug|Any CPU
		Release|Any CPU = Release|Any CPU
	EndGlobalSection
	GlobalSection(ProjectConfigurationPlatforms) = postSolution
		{A84CB309-FEB6-4339-824D-A1C4D33363B8}.Debug|Any CPU.ActiveCfg = Debug|Any CPU
		{A84CB309-FEB6-4339-824D-A1C4D33363B8}.Debug|Any CPU.Build.0 = Debug|Any CPU
		{A84CB309-FEB6-4339-824D-A1C4D33363B8}.Release|Any CPU.ActiveCfg = Release|Any CPU
		{A84CB309-FEB6-4339-824D-A1C4D33363B8}.Release|Any CPU.Build.0 = Release|Any CPU
	EndGlobalSection
	GlobalSection(SolutionProperties) = preSolution
		HideSolutionNode = FALSE
	EndGlobalSection
	GlobalSection(ExtensibilityGlobals) = postSolution
		SolutionGuid = {8D169E55-CC95-475E-894F-C67F48BEDE18}
	EndGlobalSection
EndGlobal
