
Microsoft Visual Studio Solution File, Format Version 12.00
# Visual Studio Version 16
VisualStudioVersion = 16.0.31402.337
MinimumVisualStudioVersion = 10.0.40219.1
Project("{FAE04EC0-301F-11D3-BF4B-00C04F79EFBC}") = "PlaywriteOT", "PlaywriteOT\PlaywriteOT.csproj", "{93CA8D90-FC9E-4F6B-8823-D3CFBE60EAE6}"
EndProject
Global
	GlobalSection(SolutionConfigurationPlatforms) = preSolution
		Debug|Any CPU = Debug|Any CPU
		Release|Any CPU = Release|Any CPU
	EndGlobalSection
	GlobalSection(ProjectConfigurationPlatforms) = postSolution
		{93CA8D90-FC9E-4F6B-8823-D3CFBE60EAE6}.Debug|Any CPU.ActiveCfg = Debug|Any CPU
		{93CA8D90-FC9E-4F6B-8823-D3CFBE60EAE6}.Debug|Any CPU.Build.0 = Debug|Any CPU
		{93CA8D90-FC9E-4F6B-8823-D3CFBE60EAE6}.Release|Any CPU.ActiveCfg = Release|Any CPU
		{93CA8D90-FC9E-4F6B-8823-D3CFBE60EAE6}.Release|Any CPU.Build.0 = Release|Any CPU
	EndGlobalSection
	GlobalSection(SolutionProperties) = preSolution
		HideSolutionNode = FALSE
	EndGlobalSection
	GlobalSection(ExtensibilityGlobals) = postSolution
		SolutionGuid = {87812E0D-FF39-43FD-888E-FA499A4AB40B}
	EndGlobalSection
EndGlobal
